
Microsoft Visual Studio Solution File, Format Version 12.00
# Visual Studio Version 16
VisualStudioVersion = 16.0.30002.166
MinimumVisualStudioVersion = 10.0.40219.1
Project("{FAE04EC0-301F-11D3-BF4B-00C04F79EFBC}") = "WildcardTest.Console", "WildcardTest.Console.csproj", "{D95681F8-8F43-416D-A1D1-BD82F4169547}"
EndProject
Global
	GlobalSection(SolutionConfigurationPlatforms) = preSolution
		Debug|Any CPU = Debug|Any CPU
		Release|Any CPU = Release|Any CPU
	EndGlobalSection
	GlobalSection(ProjectConfigurationPlatforms) = postSolution
		{D95681F8-8F43-416D-A1D1-BD82F4169547}.Debug|Any CPU.ActiveCfg = Debug|Any CPU
		{D95681F8-8F43-416D-A1D1-BD82F4169547}.Debug|Any CPU.Build.0 = Debug|Any CPU
		{D95681F8-8F43-416D-A1D1-BD82F4169547}.Release|Any CPU.ActiveCfg = Release|Any CPU
		{D95681F8-8F43-416D-A1D1-BD82F4169547}.Release|Any CPU.Build.0 = Release|Any CPU
	EndGlobalSection
	GlobalSection(SolutionProperties) = preSolution
		HideSolutionNode = FALSE
	EndGlobalSection
	GlobalSection(ExtensibilityGlobals) = postSolution
		SolutionGuid = {C73794B5-2791-4C3D-A2A8-7E66B5200E35}
	EndGlobalSection
EndGlobal
